{
    "_meta": {
        "hash": {
            "sha256": "7c822715cf4bd0012d6ced487602fb242558a25af98aba3e7780f1d18d16902d"
        },
        "pipfile-spec": 6,
        "requires": {
            "python_version": "3.9"
        },
        "sources": [
            {
                "name": "pypi",
                "url": "https://pypi.org/simple",
                "verify_ssl": true
            }
        ]
    },
    "default": {
        "attr": {
            "hashes": [
                "sha256:0b1aaddb85bd9e9c4bd75092f4440d6616ff40b0df0437f00771871670f7c9fd",
                "sha256:9091548058d17f132596e61fa7518e504f76b9a4c61ca7d86e1f96dbf7d4775d"
            ],
            "version": "==0.3.1"
        },
        "attrs": {
            "hashes": [
                "sha256:31b2eced602aa8423c2aea9c76a724617ed67cf9513173fd3a4f03e3a929c7e6",
                "sha256:832aa3cde19744e49938b91fea06d69ecb9e649c93ba974535d08ad92164f700"
            ],
            "markers": "python_version >= '2.7' and python_version not in '3.0, 3.1, 3.2, 3.3'",
            "version": "==20.3.0"
        },
        "coremltools": {
            "hashes": [
                "sha256:082caacf25ad2cc68e3d2a2f58968b92cf476e85ca4579194b229ae50646e2be",
                "sha256:102c3455b268d2c19cd01c94268a3e25915c8723248c07615981e98efc35ca2f",
                "sha256:13d41de0916a20ba69fbc05ba51b1609021395e739a8486275a3f155f5021ba3",
                "sha256:15ab3d6404bb329604326efc2cbc8227fd8b7bc474199efbae239921a998586e",
                "sha256:17f45d2f104d14e8fde477207385ce9282c20115cf90d10d0e0aa16a6e0df201",
                "sha256:1805e4ec631ddb56ad5cb5be407420bdb6e93c98449adeb83b698c6263980ba8",
                "sha256:2202bee6d692e304bee3b1acc1610528bda4821b3bd13f3f5dec545a392c2109",
                "sha256:245784b0c3a4c6a1ad5aecb376b4e3027b1097119973df6560854b50a42ece6c",
                "sha256:28834f80dad9939b55631736cb8b50523892cd3c062a20fbc581b0181e6b1d26",
                "sha256:2ec32a7870092466547ab2fb1bf6c3e69ea332b95ebef985768df69bf29127af",
                "sha256:3be02af51c55e2936bce7a9936efe79272b5bb76ad173f96f43f9b903b071bc3",
                "sha256:450084249b1abad40feb3e76d57d0462e3a3043139982811b3f6eb8f5e1acf38",
                "sha256:4c9258b24763ae392d56cda4017587a412b8bd39d81824e6acb7948d7c434369",
                "sha256:532d4fedef1f4250cd32fa7013853ca673e8a6b9a1c3650465ed55f71e35b5b1",
                "sha256:579897ca1ce33384ebc0cebc4e43a2e946104168279ec171f8710d6485c42acc",
                "sha256:5c4e2fb9efc9096eff2070812408148a3db46161f37b6f83243fc7a8e2c2a5e3",
                "sha256:6ad239c3505f66dff2c3bc59e9e0da6329a50f23b92c49ee5a4d31e6732e7a06",
                "sha256:6f17fc71996d9065ebab481cb286ff898aa9a78fd528aa407d21195ff46e24ab",
                "sha256:92db39134512afc159a3c2a9200693373d29570e243e36416bd1c431d72e63b0",
                "sha256:9c0f6e5a631852dd7e9d0773048d7bf6ef86d20b6427f5b6f872aab8ce6f1db6",
                "sha256:b555abd361a0d27d4eb2e6129dcaadae5dd2f0352356e34abcedc21de50369f7",
                "sha256:bc57d527f1517f2b81d70b9101858d111ef9b3f2142440bb70423a7d19e4ae42",
                "sha256:bfc1b557fe13cf67e9ffe234b2aeac67a91fdd9c400f1a53692c60c0aca38314",
                "sha256:d03bd39390880757b85ce5622d8b62e84605ec3df37686f88ff2ec2ac1765716",
                "sha256:d0493446ab9445fb31e7d221c5b46c83c218e1b628751096c460e0f4d0d70bda",
                "sha256:d8715c7ac41b38cd0c00ea1c08712e2ac24bd6586102a8f0a949a5b5146ab7a7",
                "sha256:e97589f009c73db775913bc18ca6f9b8e1d6b992ebc2d6a51694663e8a108949",
                "sha256:eb3dc6f9805a39ade59f60dae26988a295d6f1a796f2d1d6dae34f667953690a",
                "sha256:f96523a2f70b195a52b843ae0c742d98699833881ea6aedcc15375eb4cc583a1",
                "sha256:fb5c20246ccd41fe609bb4570a781f1b66897482f3116199e5ba85a70025a5a4",
                "sha256:fc7d039cdb25214fb2cef6f3e81f8fa1d89c056d0c69707c189b9ac5e1a65ed4"
            ],
            "index": "pypi",
            "version": "==4.0"
        },
        "mpmath": {
            "hashes": [
                "sha256:fc17abe05fbab3382b61a123c398508183406fa132e0223874578e20946499f6"
            ],
            "version": "==1.1.0"
        },
        "numpy": {
            "hashes": [
                "sha256:08308c38e44cc926bdfce99498b21eec1f848d24c302519e64203a8da99a97db",
                "sha256:09c12096d843b90eafd01ea1b3307e78ddd47a55855ad402b157b6c4862197ce",
                "sha256:13d166f77d6dc02c0a73c1101dd87fdf01339febec1030bd810dcd53fff3b0f1",
                "sha256:141ec3a3300ab89c7f2b0775289954d193cc8edb621ea05f99db9cb181530512",
                "sha256:16c1b388cc31a9baa06d91a19366fb99ddbe1c7b205293ed072211ee5bac1ed2",
                "sha256:18bed2bcb39e3f758296584337966e68d2d5ba6aab7e038688ad53c8f889f757",
                "sha256:1aeef46a13e51931c0b1cf8ae1168b4a55ecd282e6688fdb0a948cc5a1d5afb9",
                "sha256:27d3f3b9e3406579a8af3a9f262f5339005dd25e0ecf3cf1559ff8a49ed5cbf2",
                "sha256:2a2740aa9733d2e5b2dfb33639d98a64c3b0f24765fed86b0fd2aec07f6a0a08",
                "sha256:4377e10b874e653fe96985c05feed2225c912e328c8a26541f7fc600fb9c637b",
                "sha256:448ebb1b3bf64c0267d6b09a7cba26b5ae61b6d2dbabff7c91b660c7eccf2bdb",
                "sha256:50e86c076611212ca62e5a59f518edafe0c0730f7d9195fec718da1a5c2bb1fc",
                "sha256:5734bdc0342aba9dfc6f04920988140fb41234db42381cf7ccba64169f9fe7ac",
                "sha256:64324f64f90a9e4ef732be0928be853eee378fd6a01be21a0a8469c4f2682c83",
                "sha256:6ae6c680f3ebf1cf7ad1d7748868b39d9f900836df774c453c11c5440bc15b36",
                "sha256:6d7593a705d662be5bfe24111af14763016765f43cb6923ed86223f965f52387",
                "sha256:8cac8790a6b1ddf88640a9267ee67b1aee7a57dfa2d2dd33999d080bc8ee3a0f",
                "sha256:8ece138c3a16db8c1ad38f52eb32be6086cc72f403150a79336eb2045723a1ad",
                "sha256:9eeb7d1d04b117ac0d38719915ae169aa6b61fca227b0b7d198d43728f0c879c",
                "sha256:a09f98011236a419ee3f49cedc9ef27d7a1651df07810ae430a6b06576e0b414",
                "sha256:a5d897c14513590a85774180be713f692df6fa8ecf6483e561a6d47309566f37",
                "sha256:ad6f2ff5b1989a4899bf89800a671d71b1612e5ff40866d1f4d8bcf48d4e5764",
                "sha256:c42c4b73121caf0ed6cd795512c9c09c52a7287b04d105d112068c1736d7c753",
                "sha256:cb1017eec5257e9ac6209ac172058c430e834d5d2bc21961dceeb79d111e5909",
                "sha256:d6c7bb82883680e168b55b49c70af29b84b84abb161cbac2800e8fcb6f2109b6",
                "sha256:e452dc66e08a4ce642a961f134814258a082832c78c90351b75c41ad16f79f63",
                "sha256:e5b6ed0f0b42317050c88022349d994fe72bfe35f5908617512cd8c8ef9da2a9",
                "sha256:e9b30d4bd69498fc0c3fe9db5f62fffbb06b8eb9321f92cc970f2969be5e3949",
                "sha256:ec149b90019852266fec2341ce1db513b843e496d5a8e8cdb5ced1923a92faab",
                "sha256:edb01671b3caae1ca00881686003d16c2209e07b7ef8b7639f1867852b948f7c",
                "sha256:f0d3929fe88ee1c155129ecd82f981b8856c5d97bcb0d5f23e9b4242e79d1de3",
                "sha256:f29454410db6ef8126c83bd3c968d143304633d45dc57b51252afbd79d700893",
                "sha256:fe45becb4c2f72a0907c1d0246ea6449fe7a9e2293bb0e11c4e9a32bb0930a15",
                "sha256:fedbd128668ead37f33917820b704784aff695e0019309ad446a6d0b065b57e4"
            ],
            "index": "pypi",
            "version": "==1.19.4"
        },
        "packaging": {
            "hashes": [
                "sha256:4357f74f47b9c12db93624a82154e9b120fa8293699949152b22065d556079f8",
                "sha256:998416ba6962ae7fbd6596850b80e17859a5753ba17c32284f67bfff33784181"
            ],
            "markers": "python_version >= '2.7' and python_version not in '3.0, 3.1, 3.2, 3.3'",
            "version": "==20.4"
        },
        "protobuf": {
            "hashes": [
                "sha256:0bba42f439bf45c0f600c3c5993666fcb88e8441d011fad80a11df6f324eef33",
                "sha256:1e834076dfef9e585815757a2c7e4560c7ccc5962b9d09f831214c693a91b463",
                "sha256:339c3a003e3c797bc84499fa32e0aac83c768e67b3de4a5d7a5a9aa3b0da634c",
                "sha256:361acd76f0ad38c6e38f14d08775514fbd241316cce08deb2ce914c7dfa1184a",
                "sha256:3dee442884a18c16d023e52e32dd34a8930a889e511af493f6dc7d4d9bf12e4f",
                "sha256:4d1174c9ed303070ad59553f435846a2f877598f59f9afc1b89757bdf846f2a7",
                "sha256:5db9d3e12b6ede5e601b8d8684a7f9d90581882925c96acf8495957b4f1b204b",
                "sha256:6a82e0c8bb2bf58f606040cc5814e07715b2094caeba281e2e7d0b0e2e397db5",
                "sha256:8c35bcbed1c0d29b127c886790e9d37e845ffc2725cc1db4bd06d70f4e8359f4",
                "sha256:91c2d897da84c62816e2f473ece60ebfeab024a16c1751aaf31100127ccd93ec",
                "sha256:9c2e63c1743cba12737169c447374fab3dfeb18111a460a8c1a000e35836b18c",
                "sha256:9edfdc679a3669988ec55a989ff62449f670dfa7018df6ad7f04e8dbacb10630",
                "sha256:c0c5ab9c4b1eac0a9b838f1e46038c3175a95b0f2d944385884af72876bd6bc7",
                "sha256:c8abd7605185836f6f11f97b21200f8a864f9cb078a193fe3c9e235711d3ff1e",
                "sha256:d69697acac76d9f250ab745b46c725edf3e98ac24763990b24d58c16c642947a",
                "sha256:df3932e1834a64b46ebc262e951cd82c3cf0fa936a154f0a42231140d8237060",
                "sha256:e7662437ca1e0c51b93cadb988f9b353fa6b8013c0385d63a70c8a77d84da5f9",
                "sha256:f68eb9d03c7d84bd01c790948320b768de8559761897763731294e3bc316decb"
            ],
            "version": "==3.13.0"
        },
        "psutil": {
            "hashes": [
                "sha256:01bc82813fbc3ea304914581954979e637bcc7084e59ac904d870d6eb8bb2bc7",
                "sha256:1cd6a0c9fb35ece2ccf2d1dd733c1e165b342604c67454fd56a4c12e0a106787",
                "sha256:2cb55ef9591b03ef0104bedf67cc4edb38a3edf015cf8cf24007b99cb8497542",
                "sha256:56c85120fa173a5d2ad1d15a0c6e0ae62b388bfb956bb036ac231fbdaf9e4c22",
                "sha256:5d9106ff5ec2712e2f659ebbd112967f44e7d33f40ba40530c485cc5904360b8",
                "sha256:6a3e1fd2800ca45083d976b5478a2402dd62afdfb719b30ca46cd28bb25a2eb4",
                "sha256:ade6af32eb80a536eff162d799e31b7ef92ddcda707c27bbd077238065018df4",
                "sha256:af73f7bcebdc538eda9cc81d19db1db7bf26f103f91081d780bbacfcb620dee2",
                "sha256:e02c31b2990dcd2431f4524b93491941df39f99619b0d312dfe1d4d530b08b4b",
                "sha256:fa38ac15dbf161ab1e941ff4ce39abd64b53fec5ddf60c23290daed2bc7d1157",
                "sha256:fbcac492cb082fa38d88587d75feb90785d05d7e12d4565cbf1ecc727aff71b7"
            ],
            "index": "pypi",
            "version": "==5.7.3"
        },
        "pyparsing": {
            "hashes": [
                "sha256:c203ec8783bf771a155b207279b9bccb8dea02d8f0c9e5f8ead507bc3246ecc1",
                "sha256:ef9d7589ef3c200abe66653d3f1ab1033c3c419ae9b9bdb1240a85b024efc88b"
            ],
            "markers": "python_version >= '2.6' and python_version not in '3.0, 3.1, 3.2, 3.3'",
            "version": "==2.4.7"
        },
        "scipy": {
            "hashes": [
                "sha256:168c45c0c32e23f613db7c9e4e780bc61982d71dcd406ead746c7c7c2f2004ce",
                "sha256:213bc59191da2f479984ad4ec39406bf949a99aba70e9237b916ce7547b6ef42",
                "sha256:25b241034215247481f53355e05f9e25462682b13bd9191359075682adcd9554",
                "sha256:2c872de0c69ed20fb1a9b9cf6f77298b04a26f0b8720a5457be08be254366c6e",
                "sha256:3397c129b479846d7eaa18f999369a24322d008fac0782e7828fa567358c36ce",
                "sha256:368c0f69f93186309e1b4beb8e26d51dd6f5010b79264c0f1e9ca00cd92ea8c9",
                "sha256:3d5db5d815370c28d938cf9b0809dade4acf7aba57eaf7ef733bfedc9b2474c4",
                "sha256:4598cf03136067000855d6b44d7a1f4f46994164bcd450fb2c3d481afc25dd06",
                "sha256:4a453d5e5689de62e5d38edf40af3f17560bfd63c9c5bd228c18c1f99afa155b",
                "sha256:4f12d13ffbc16e988fa40809cbbd7a8b45bc05ff6ea0ba8e3e41f6f4db3a9e47",
                "sha256:634568a3018bc16a83cda28d4f7aed0d803dd5618facb36e977e53b2df868443",
                "sha256:65923bc3809524e46fb7eb4d6346552cbb6a1ffc41be748535aa502a2e3d3389",
                "sha256:6b0ceb23560f46dd236a8ad4378fc40bad1783e997604ba845e131d6c680963e",
                "sha256:8c8d6ca19c8497344b810b0b0344f8375af5f6bb9c98bd42e33f747417ab3f57",
                "sha256:9ad4fcddcbf5dc67619379782e6aeef41218a79e17979aaed01ed099876c0e62",
                "sha256:a254b98dbcc744c723a838c03b74a8a34c0558c9ac5c86d5561703362231107d",
                "sha256:b03c4338d6d3d299e8ca494194c0ae4f611548da59e3c038813f1a43976cb437",
                "sha256:cc1f78ebc982cd0602c9a7615d878396bec94908db67d4ecddca864d049112f2",
                "sha256:d6d25c41a009e3c6b7e757338948d0076ee1dd1770d1c09ec131f11946883c54",
                "sha256:d84cadd7d7998433334c99fa55bcba0d8b4aeff0edb123b2a1dfcface538e474",
                "sha256:e360cb2299028d0b0d0f65a5c5e51fc16a335f1603aa2357c25766c8dab56938",
                "sha256:e98d49a5717369d8241d6cf33ecb0ca72deee392414118198a8e5b4c35c56340",
                "sha256:ed572470af2438b526ea574ff8f05e7f39b44ac37f712105e57fc4d53a6fb660",
                "sha256:f87b39f4d69cf7d7529d7b1098cb712033b17ea7714aed831b95628f483fd012",
                "sha256:fa789583fc94a7689b45834453fec095245c7e69c58561dc159b5d5277057e4c"
            ],
            "markers": "python_version >= '3.6'",
            "version": "==1.5.4"
        },
        "sgf": {
            "hashes": [
                "sha256:4907a8047b3d29f87759ffac1a3b7545e5040ed7778ef5899e43757d14895509",
                "sha256:d9a6c421cab717827f24bc70e6e3625b067c9ae190fffac32b3bbfa391a1f8f8"
            ],
            "index": "pypi",
            "version": "==0.5"
        },
        "six": {
            "hashes": [
                "sha256:30639c035cdb23534cd4aa2dd52c3bf48f06e5f4a941509c8bafd8ce11080259",
                "sha256:8b74bedcbbbaca38ff6d7491d76f2b06b3592611af620f8426e82dddb04a5ced"
            ],
            "markers": "python_version >= '2.7' and python_version not in '3.0, 3.1, 3.2, 3.3'",
            "version": "==1.15.0"
        },
        "sympy": {
            "hashes": [
                "sha256:0f6c5724a999eca02f4b453260b0c7151d6fa076313f441274db98bbf97ba8cd",
                "sha256:1cfadcc80506e4b793f5b088558ca1fcbeaec24cd6fc86f1fdccaa3ee1d48708"
            ],
            "markers": "python_version >= '3.5'",
            "version": "==1.6.2"
        },
        "tqdm": {
            "hashes": [
                "sha256:9ad44aaf0fc3697c06f6e05c7cf025dd66bc7bcb7613c66d85f4464c47ac8fad",
                "sha256:ef54779f1c09f346b2b5a8e5c61f96fbcb639929e640e59f8cf810794f406432"
            ],
            "markers": "python_version >= '2.6' and python_version not in '3.0, 3.1, 3.2, 3.3'",
            "version": "==4.51.0"
        }
    },
    "develop": {}
}
